
Microsoft Visual Studio Solution File, Format Version 12.00
# Visual Studio Version 17
VisualStudioVersion = 17.6.33801.468
MinimumVisualStudioVersion = 10.0.40219.1
Project("{8BC9CEB8-8B4A-11D0-8D11-00A0C91BC942}") = "mjz_str01", "mjz_str01.vcxproj", "{838A2551-33D0-4C0C-A831-05A0BC7A18F0}"
EndProject
Global
	GlobalSection(SolutionConfigurationPlatforms) = preSolution
		Debug|Win32 = Debug|Win32
		Debug|x64 = Debug|x64
		Debug|x86 = Debug|x86
		relbug|Win32 = relbug|Win32
		relbug|x64 = relbug|x64
		relbug|x86 = relbug|x86
		Release|Win32 = Release|Win32
		Release|x64 = Release|x64
		Release|x86 = Release|x86
	EndGlobalSection
	GlobalSection(ProjectConfigurationPlatforms) = postSolution
		{838A2551-33D0-4C0C-A831-05A0BC7A18F0}.Debug|Win32.ActiveCfg = Debug|Win32
		{838A2551-33D0-4C0C-A831-05A0BC7A18F0}.Debug|Win32.Build.0 = Debug|Win32
		{838A2551-33D0-4C0C-A831-05A0BC7A18F0}.Debug|x64.ActiveCfg = Debug|x64
		{838A2551-33D0-4C0C-A831-05A0BC7A18F0}.Debug|x64.Build.0 = Debug|x64
		{838A2551-33D0-4C0C-A831-05A0BC7A18F0}.Debug|x86.ActiveCfg = Debug|Win32
		{838A2551-33D0-4C0C-A831-05A0BC7A18F0}.Debug|x86.Build.0 = Debug|Win32
		{838A2551-33D0-4C0C-A831-05A0BC7A18F0}.relbug|Win32.ActiveCfg = relbug|Win32
		{838A2551-33D0-4C0C-A831-05A0BC7A18F0}.relbug|Win32.Build.0 = relbug|Win32
		{838A2551-33D0-4C0C-A831-05A0BC7A18F0}.relbug|x64.ActiveCfg = relbug|x64
		{838A2551-33D0-4C0C-A831-05A0BC7A18F0}.relbug|x64.Build.0 = relbug|x64
		{838A2551-33D0-4C0C-A831-05A0BC7A18F0}.relbug|x86.ActiveCfg = relbug|Win32
		{838A2551-33D0-4C0C-A831-05A0BC7A18F0}.relbug|x86.Build.0 = relbug|Win32
		{838A2551-33D0-4C0C-A831-05A0BC7A18F0}.Release|Win32.ActiveCfg = Release|Win32
		{838A2551-33D0-4C0C-A831-05A0BC7A18F0}.Release|Win32.Build.0 = Release|Win32
		{838A2551-33D0-4C0C-A831-05A0BC7A18F0}.Release|x64.ActiveCfg = Release|x64
		{838A2551-33D0-4C0C-A831-05A0BC7A18F0}.Release|x64.Build.0 = Release|x64
		{838A2551-33D0-4C0C-A831-05A0BC7A18F0}.Release|x86.ActiveCfg = Release|Win32
		{838A2551-33D0-4C0C-A831-05A0BC7A18F0}.Release|x86.Build.0 = Release|Win32
	EndGlobalSection
	GlobalSection(SolutionProperties) = preSolution
		HideSolutionNode = FALSE
	EndGlobalSection
	GlobalSection(ExtensibilityGlobals) = postSolution
		SolutionGuid = {2DA72B33-F705-4EE5-87F9-45F1A09DE26D}
	EndGlobalSection
EndGlobal
